Microsoft Visual Studio Solution File, Format Version 12.00
# Visual Studio Version 17
VisualStudioVersion = 17.5.2.0
MinimumVisualStudioVersion = 10.0.40219.1
Project("{2150E333-8FDC-42A3-9474-1A3956D46DE8}") = "src", "src", "{827E0CD3-B72D-47B6-A68D-7590B98EB39B}"
EndProject
Project("{FAE04EC0-301F-11D3-BF4B-00C04F79EFBC}") = "openbank-app", "src\openbank-app\openbank-app.csproj", "{F7979EEA-AED4-DDA7-A731-29D5C14E1AFB}"
EndProject
Global
	GlobalSection(SolutionConfigurationPlatforms) = preSolution
		Debug|Any CPU = Debug|Any CPU
		Release|Any CPU = Release|Any CPU
	EndGlobalSection
	GlobalSection(ProjectConfigurationPlatforms) = postSolution
		{F7979EEA-AED4-DDA7-A731-29D5C14E1AFB}.Debug|Any CPU.ActiveCfg = Debug|Any CPU
		{F7979EEA-AED4-DDA7-A731-29D5C14E1AFB}.Debug|Any CPU.Build.0 = Debug|Any CPU
		{F7979EEA-AED4-DDA7-A731-29D5C14E1AFB}.Release|Any CPU.ActiveCfg = Release|Any CPU
		{F7979EEA-AED4-DDA7-A731-29D5C14E1AFB}.Release|Any CPU.Build.0 = Release|Any CPU
	EndGlobalSection
	GlobalSection(SolutionProperties) = preSolution
		HideSolutionNode = FALSE
	EndGlobalSection
	GlobalSection(NestedProjects) = preSolution
		{F7979EEA-AED4-DDA7-A731-29D5C14E1AFB} = {827E0CD3-B72D-47B6-A68D-7590B98EB39B}
	EndGlobalSection
	GlobalSection(ExtensibilityGlobals) = postSolution
		SolutionGuid = {C61CA9CA-BA57-482B-A9F3-02DDC37C4E27}
	EndGlobalSection
EndGlobal
